github.com/ALTree/bigfloat v0.0.0-20220102081255-38c8b72a9924 h1:DG4UyTVIujioxwJc8Zj8Nabz1L1wTgQ/xNBSQDfdP3I=
github.com/ALTree/bigfloat v0.0.0-20220102081255-38c8b72a9924/go.mod h1:+NaH2gLeY6RPBPPQf4aRotPPStg+eXc8f9ZaE4vRfD4=
github.com/cpuguy83/go-md2man/v2 v2.0.2/go.mod h1:tgQtvFlXSQOSOSIRvRPT7W67SCa46tRHOmNcaadrF8o=
github.com/google/shlex v0.0.0-20191202100458-e7afc7fbc510 h1:El6M4kTTCOh6aBiKaUGG7oYTSPP8MxqL4YI3kZKwcP4=
github.com/google/shlex v0.0.0-20191202100458-e7afc7fbc510/go.mod h1:pupxD2MaaD3pAXIBCelhxNneeOaAeabZDe5s4K6zSpQ=
github.com/google/uuid v1.3.0 h1:t6JiXgmwXMjEs8VusXIJk2BXHsn+wx8BZdTaoZ5fu7I=
github.com/google/uuid v1.3.0/go.mod h1:TIyPZe4MgqvfeYDBFedMoGGpEw/LqOeaOT+nhxU+yHo=
github.com/inconshreveable/mousetrap v1.0.0/go.mod h1:PxqpIevigyE2G7u3NXJIT2ANytuPF1OarO4DADm73n8=
github.com/inconshreveable/mousetrap v1.0.1 h1:U3uMjPSQEBMNp1lFxmllqCPM6P5u/Xq7Pgzkat/bFNc=
github.com/inconshreveable/mousetrap v1.0.1/go.mod h1:vpF70FUmC8bwa3OWnCshd2FqLfsEA9PFc4w1p2J65bw=
github.com/jamesruan/go-rfc1924 v0.0.0-20170108144916-2767ca7c638f h1:Ko4+g6K16vSyUrtd/pPXuQnWsiHe5BYptEtTxfwYwCc=
github.com/jamesruan/go-rfc1924 v0.0.0-20170108144916-2767ca7c638f/go.mod h1:eHzfhOKbTGJEGPSdMHzU6jft192tHHt2Bu2vIZArvC0=
github.com/russross/blackfriday/v2 v2.1.0/go.mod h1:+Rmxgy9KzJVeS9/2gXHxylqXiyQDYRxCVz55jmeOWTM=
github.com/seancfoley/bintree v1.1.0 h1:6J0rj9hLNLIcWSsfYdZ4ZHkMHokaK/PHkak8qyBO/mc=
github.com/seancfoley/bintree v1.1.0/go.mod h1:CtE6qO6/n9H3V2CAGEC0lpaYr6/OijhNaMG/dt7P70c=
github.com/seancfoley/ipaddress-go v1.2.1 h1:yEZxnyC6NQEDDPflyQm4KkWozffx1vHWsx+knKBr/n0=
github.com/seancfoley/ipaddress-go v1.2.1/go.mod h1:/UEVHyrBg1ASVap2ffdY2cq5UMYIX9f3QW3uWSVqpbo=
github.com/spf13/cobra v1.5.0 h1:X+jTBEBqF0bHN+9cSMgmfuvv2VHJ9ezmFNf9Y/XstYU=
github.com/spf13/cobra v1.5.0/go.mod h1:dWXEIy2H428czQCjInthrTRUg7yKbok+2Qi/yBIJoUM=
github.com/spf13/pflag v1.0.5 h1:iy+VFUOCP1a+8yFto/drg2CJ5u0yRoB7fZw3DKv/JXA=
github.com/spf13/pflag v1.0.5/go.mod h1:McXfInJRrz4CZXVZOBLb0bTZqETkiAhM9Iw0y3An2Bg=
golang.org/x/crypto v0.0.0-20220919173607-35f4265a4bc0 h1:a5Yg6ylndHHYJqIPrdq0AhvR6KTvDTAvgBtaidhEevY=
golang.org/x/crypto v0.0.0-20220919173607-35f4265a4bc0/go.mod h1:IxCIyHEi3zRg3s0A5j5BB6A9Jmi73HwBIUl50j+osU4=
golang.org/x/exp v0.0.0-20220921164117-439092de6870 h1:j8b6j9gzSigH28O5SjSpQSSh9lFd6f5D/q0aHjNTulc=
golang.org/x/exp v0.0.0-20220921164117-439092de6870/go.mod h1:cyybsKvd6eL0RnXn6p/Grxp8F5bW7iYuBgsNCOHpMYE=
golang.org/x/image v0.0.0-20220902085622-e7cb96979f69 h1:Lj6HJGCSn5AjxRAH2+r35Mir4icalbqku+CLUtjnvXY=
golang.org/x/image v0.0.0-20220902085622-e7cb96979f69/go.mod h1:doUCurBvlfPMKfmIpRIywoHmhN3VyhnoFDbvIEWF4hY=
golang.org/x/sys v0.0.0-20220919091848-fb04ddd9f9c8 h1:h+EGohizhe9XlX18rfpa8k8RAc5XyaeamM+0VHRd4lc=
golang.org/x/sys v0.0.0-20220919091848-fb04ddd9f9c8/go.mod h1:oPkhp1MJrh7nUepCBck5+mAzfO9JrbApNNgaTdGDITg=
golang.org/x/text v0.3.7/go.mod h1:u+2+/6zg+i71rQMx5EYifcz6MCKuco9NR6JIITiCfzQ=
golang.org/x/tools v0.0.0-20180917221912-90fa682c2a6e/go.mod h1:n7NCudcB/nEzxVGmLbDWY5pfWTLqBcC2KZ6jyYvM4mQ=
gopkg.in/check.v1 v0.0.0-20161208181325-20d25e280405/go.mod h1:Co6ibVJAznAaIkqp8huTwlJQCZ016jof/cbN4VW5Yz0=
gopkg.in/yaml.v2 v2.4.0/go.mod h1:RDklbk79AGWmwhnvt/jBztapEOGDOx6ZbXqjP6csGnQ=
