{
    "_meta": {
        "hash": {
            "sha256": "702ad05de9bc9de99a4807c8dde1686f31e0041d7b5f6f6b74861195a52110f5"
        },
        "pipfile-spec": 6,
        "requires": {
            "python_version": "3.12"
        },
        "sources": [
            {
                "name": "pypi",
                "url": "https://pypi.org/simple",
                "verify_ssl": true
            }
        ]
    },
    "default": {},
    "develop": {}
}
